
Microsoft Visual Studio Solution File, Format Version 12.00
# Visual Studio Version 17
VisualStudioVersion = 17.5.33627.172
MinimumVisualStudioVersion = 10.0.40219.1
Project("{FAE04EC0-301F-11D3-BF4B-00C04F79EFBC}") = "LeaveManagementSystem.Web", "LeaveManagementSystem.Web\LeaveManagementSystem.Web.csproj", "{CD2977EE-0D71-402D-9B4C-CB5687DA00B8}"
EndProject
Global
	GlobalSection(SolutionConfigurationPlatforms) = preSolution
		Debug|Any CPU = Debug|Any CPU
		Release|Any CPU = Release|Any CPU
	EndGlobalSection
	GlobalSection(ProjectConfigurationPlatforms) = postSolution
		{CD2977EE-0D71-402D-9B4C-CB5687DA00B8}.Debug|Any CPU.ActiveCfg = Debug|Any CPU
		{CD2977EE-0D71-402D-9B4C-CB5687DA00B8}.Debug|Any CPU.Build.0 = Debug|Any CPU
		{CD2977EE-0D71-402D-9B4C-CB5687DA00B8}.Release|Any CPU.ActiveCfg = Release|Any CPU
		{CD2977EE-0D71-402D-9B4C-CB5687DA00B8}.Release|Any CPU.Build.0 = Release|Any CPU
	EndGlobalSection
	GlobalSection(SolutionProperties) = preSolution
		HideSolutionNode = FALSE
	EndGlobalSection
	GlobalSection(ExtensibilityGlobals) = postSolution
		SolutionGuid = {D1795782-F641-45AA-AB35-C175CF566918}
	EndGlobalSection
EndGlobal
